// !$*UTF8*$!
{
	archiveVersion = 1;
	classes = {
	};
	objectVersion = 55;
	objects = {

/* Begin PBXBuildFile section */
		192CF9D828C747330080349B /* UIColor + ext.swift in Sources */ = {isa = PBXBuildFile; fileRef = 192CF9D728C747330080349B /* UIColor + ext.swift */; };
		192CF9DA28C7474F0080349B /* Resources.swift in Sources */ = {isa = PBXBuildFile; fileRef = 192CF9D928C7474F0080349B /* Resources.swift */; };
		192CF9DD28C7521A0080349B /* ApiManager.swift in Sources */ = {isa = PBXBuildFile; fileRef = 192CF9DC28C7521A0080349B /* ApiManager.swift */; };
		192CF9E128C75C500080349B /* Repositories.swift in Sources */ = {isa = PBXBuildFile; fileRef = 192CF9E028C75C500080349B /* Repositories.swift */; };
		19D3A2D728C73ECB001E0F77 /* AppDelegate.swift in Sources */ = {isa = PBXBuildFile; fileRef = 19D3A2D628C73ECB001E0F77 /* AppDelegate.swift */; };
		19D3A2D928C73ECB001E0F77 /* SceneDelegate.swift in Sources */ = {isa = PBXBuildFile; fileRef = 19D3A2D828C73ECB001E0F77 /* SceneDelegate.swift */; };
		19D3A2DB28C73ECB001E0F77 /* BaseController.swift in Sources */ = {isa = PBXBuildFile; fileRef = 19D3A2DA28C73ECB001E0F77 /* BaseController.swift */; };
		19D3A2E028C73ECC001E0F77 /* Assets.xcassets in Resources */ = {isa = PBXBuildFile; fileRef = 19D3A2DF28C73ECC001E0F77 /* Assets.xcassets */; };
		19D3A2E328C73ECC001E0F77 /* LaunchScreen.storyboard in Resources */ = {isa = PBXBuildFile; fileRef = 19D3A2E128C73ECC001E0F77 /* LaunchScreen.storyboard */; };
		19D3A2EF28C7417C001E0F77 /* GithubListController.swift in Sources */ = {isa = PBXBuildFile; fileRef = 19D3A2EE28C7417C001E0F77 /* GithubListController.swift */; };
/* End PBXBuildFile section */

/* Begin PBXFileReference section */
		192CF9D728C747330080349B /* UIColor + ext.swift */ = {isa = PBXFileReference; lastKnownFileType = sourcecode.swift; path = "UIColor + ext.swift"; sourceTree = "<group>"; };
		192CF9D928C7474F0080349B /* Resources.swift */ = {isa = PBXFileReference; lastKnownFileType = sourcecode.swift; path = Resources.swift; sourceTree = "<group>"; };
		192CF9DC28C7521A0080349B /* ApiManager.swift */ = {isa = PBXFileReference; lastKnownFileType = sourcecode.swift; path = ApiManager.swift; sourceTree = "<group>"; };
		192CF9E028C75C500080349B /* Repositories.swift */ = {isa = PBXFileReference; lastKnownFileType = sourcecode.swift; path = Repositories.swift; sourceTree = "<group>"; };
		19D3A2D328C73ECB001E0F77 /* githubapp.app */ = {isa = PBXFileReference; explicitFileType = wrapper.application; includeInIndex = 0; path = githubapp.app; sourceTree = BUILT_PRODUCTS_DIR; };
		19D3A2D628C73ECB001E0F77 /* AppDelegate.swift */ = {isa = PBXFileReference; lastKnownFileType = sourcecode.swift; path = AppDelegate.swift; sourceTree = "<group>"; };
		19D3A2D828C73ECB001E0F77 /* SceneDelegate.swift */ = {isa = PBXFileReference; lastKnownFileType = sourcecode.swift; path = SceneDelegate.swift; sourceTree = "<group>"; };
		19D3A2DA28C73ECB001E0F77 /* BaseController.swift */ = {isa = PBXFileReference; lastKnownFileType = sourcecode.swift; path = BaseController.swift; sourceTree = "<group>"; };
		19D3A2DF28C73ECC001E0F77 /* Assets.xcassets */ = {isa = PBXFileReference; lastKnownFileType = folder.assetcatalog; path = Assets.xcassets; sourceTree = "<group>"; };
		19D3A2E228C73ECC001E0F77 /* Base */ = {isa = PBXFileReference; lastKnownFileType = file.storyboard; name = Base; path = Base.lproj/LaunchScreen.storyboard; sourceTree = "<group>"; };
		19D3A2E428C73ECC001E0F77 /* Info.plist */ = {isa = PBXFileReference; lastKnownFileType = text.plist.xml; path = Info.plist; sourceTree = "<group>"; };
		19D3A2EE28C7417C001E0F77 /* GithubListController.swift */ = {isa = PBXFileReference; lastKnownFileType = sourcecode.swift; path = GithubListController.swift; sourceTree = "<group>"; };
/* End PBXFileReference section */

/* Begin PBXFrameworksBuildPhase section */
		19D3A2D028C73ECB001E0F77 /* Frameworks */ = {
			isa = PBXFrameworksBuildPhase;
			buildActionMask = 2147483647;
			files = (
			);
			runOnlyForDeploymentPostprocessing = 0;
		};
/* End PBXFrameworksBuildPhase section */

/* Begin PBXGroup section */
		192CF9D528C746F00080349B /* Helpers */ = {
			isa = PBXGroup;
			children = (
				192CF9D628C7471B0080349B /* Extensions */,
				192CF9D928C7474F0080349B /* Resources.swift */,
			);
			path = Helpers;
			sourceTree = "<group>";
		};
		192CF9D628C7471B0080349B /* Extensions */ = {
			isa = PBXGroup;
			children = (
				192CF9D728C747330080349B /* UIColor + ext.swift */,
			);
			path = Extensions;
			sourceTree = "<group>";
		};
		192CF9DB28C752030080349B /* Api */ = {
			isa = PBXGroup;
			children = (
				192CF9DC28C7521A0080349B /* ApiManager.swift */,
			);
			path = Api;
			sourceTree = "<group>";
		};
		192CF9E228C75F060080349B /* Flow */ = {
			isa = PBXGroup;
			children = (
				192CF9E828C77E0B0080349B /* Base */,
				192CF9E328C77D060080349B /* GithubList */,
			);
			path = Flow;
			sourceTree = "<group>";
		};
		192CF9E328C77D060080349B /* GithubList */ = {
			isa = PBXGroup;
			children = (
				192CF9E628C77D2E0080349B /* Controllers */,
				192CF9E528C77D280080349B /* Views */,
				192CF9E428C77D110080349B /* Models */,
			);
			path = GithubList;
			sourceTree = "<group>";
		};
		192CF9E428C77D110080349B /* Models */ = {
			isa = PBXGroup;
			children = (
				192CF9E028C75C500080349B /* Repositories.swift */,
			);
			path = Models;
			sourceTree = "<group>";
		};
		192CF9E528C77D280080349B /* Views */ = {
			isa = PBXGroup;
			children = (
			);
			path = Views;
			sourceTree = "<group>";
		};
		192CF9E628C77D2E0080349B /* Controllers */ = {
			isa = PBXGroup;
			children = (
				19D3A2EE28C7417C001E0F77 /* GithubListController.swift */,
			);
			path = Controllers;
			sourceTree = "<group>";
		};
		192CF9E828C77E0B0080349B /* Base */ = {
			isa = PBXGroup;
			children = (
				192CF9E928C77E1B0080349B /* Views */,
				19D3A2ED28C73FF7001E0F77 /* Controllers */,
			);
			path = Base;
			sourceTree = "<group>";
		};
		192CF9E928C77E1B0080349B /* Views */ = {
			isa = PBXGroup;
			children = (
			);
			path = Views;
			sourceTree = "<group>";
		};
		19D3A2CA28C73ECB001E0F77 = {
			isa = PBXGroup;
			children = (
				19D3A2D528C73ECB001E0F77 /* githubapp */,
				19D3A2D428C73ECB001E0F77 /* Products */,
			);
			sourceTree = "<group>";
		};
		19D3A2D428C73ECB001E0F77 /* Products */ = {
			isa = PBXGroup;
			children = (
				19D3A2D328C73ECB001E0F77 /* githubapp.app */,
			);
			name = Products;
			sourceTree = "<group>";
		};
		19D3A2D528C73ECB001E0F77 /* githubapp */ = {
			isa = PBXGroup;
			children = (
				192CF9DB28C752030080349B /* Api */,
				19D3A2EB28C73FA8001E0F77 /* Application */,
				192CF9E228C75F060080349B /* Flow */,
				192CF9D528C746F00080349B /* Helpers */,
				19D3A2EC28C73FC2001E0F77 /* SupportingFiles */,
			);
			path = githubapp;
			sourceTree = "<group>";
		};
		19D3A2EB28C73FA8001E0F77 /* Application */ = {
			isa = PBXGroup;
			children = (
				19D3A2D628C73ECB001E0F77 /* AppDelegate.swift */,
				19D3A2D828C73ECB001E0F77 /* SceneDelegate.swift */,
			);
			path = Application;
			sourceTree = "<group>";
		};
		19D3A2EC28C73FC2001E0F77 /* SupportingFiles */ = {
			isa = PBXGroup;
			children = (
				19D3A2DF28C73ECC001E0F77 /* Assets.xcassets */,
				19D3A2E128C73ECC001E0F77 /* LaunchScreen.storyboard */,
				19D3A2E428C73ECC001E0F77 /* Info.plist */,
			);
			path = SupportingFiles;
			sourceTree = "<group>";
		};
		19D3A2ED28C73FF7001E0F77 /* Controllers */ = {
			isa = PBXGroup;
			children = (
				19D3A2DA28C73ECB001E0F77 /* BaseController.swift */,
			);
			path = Controllers;
			sourceTree = "<group>";
		};
/* End PBXGroup section */

/* Begin PBXNativeTarget section */
		19D3A2D228C73ECB001E0F77 /* githubapp */ = {
			isa = PBXNativeTarget;
			buildConfigurationList = 19D3A2E728C73ECC001E0F77 /* Build configuration list for PBXNativeTarget "githubapp" */;
			buildPhases = (
				19D3A2CF28C73ECB001E0F77 /* Sources */,
				19D3A2D028C73ECB001E0F77 /* Frameworks */,
				19D3A2D128C73ECB001E0F77 /* Resources */,
			);
			buildRules = (
			);
			dependencies = (
			);
			name = githubapp;
			productName = githubapp;
			productReference = 19D3A2D328C73ECB001E0F77 /* githubapp.app */;
			productType = "com.apple.product-type.application";
		};
/* End PBXNativeTarget section */

/* Begin PBXProject section */
		19D3A2CB28C73ECB001E0F77 /* Project object */ = {
			isa = PBXProject;
			attributes = {
				BuildIndependentTargetsInParallel = 1;
				LastSwiftUpdateCheck = 1330;
				LastUpgradeCheck = 1330;
				TargetAttributes = {
					19D3A2D228C73ECB001E0F77 = {
						CreatedOnToolsVersion = 13.3.1;
					};
				};
			};
			buildConfigurationList = 19D3A2CE28C73ECB001E0F77 /* Build configuration list for PBXProject "githubapp" */;
			compatibilityVersion = "Xcode 13.0";
			developmentRegion = en;
			hasScannedForEncodings = 0;
			knownRegions = (
				en,
				Base,
			);
			mainGroup = 19D3A2CA28C73ECB001E0F77;
			productRefGroup = 19D3A2D428C73ECB001E0F77 /* Products */;
			projectDirPath = "";
			projectRoot = "";
			targets = (
				19D3A2D228C73ECB001E0F77 /* githubapp */,
			);
		};
/* End PBXProject section */

/* Begin PBXResourcesBuildPhase section */
		19D3A2D128C73ECB001E0F77 /* Resources */ = {
			isa = PBXResourcesBuildPhase;
			buildActionMask = 2147483647;
			files = (
				19D3A2E328C73ECC001E0F77 /* LaunchScreen.storyboard in Resources */,
				19D3A2E028C73ECC001E0F77 /* Assets.xcassets in Resources */,
			);
			runOnlyForDeploymentPostprocessing = 0;
		};
/* End PBXResourcesBuildPhase section */

/* Begin PBXSourcesBuildPhase section */
		19D3A2CF28C73ECB001E0F77 /* Sources */ = {
			isa = PBXSourcesBuildPhase;
			buildActionMask = 2147483647;
			files = (
				19D3A2EF28C7417C001E0F77 /* GithubListController.swift in Sources */,
				19D3A2DB28C73ECB001E0F77 /* BaseController.swift in Sources */,
				19D3A2D728C73ECB001E0F77 /* AppDelegate.swift in Sources */,
				192CF9DD28C7521A0080349B /* ApiManager.swift in Sources */,
				192CF9DA28C7474F0080349B /* Resources.swift in Sources */,
				192CF9E128C75C500080349B /* Repositories.swift in Sources */,
				192CF9D828C747330080349B /* UIColor + ext.swift in Sources */,
				19D3A2D928C73ECB001E0F77 /* SceneDelegate.swift in Sources */,
			);
			runOnlyForDeploymentPostprocessing = 0;
		};
/* End PBXSourcesBuildPhase section */

/* Begin PBXVariantGroup section */
		19D3A2E128C73ECC001E0F77 /* LaunchScreen.storyboard */ = {
			isa = PBXVariantGroup;
			children = (
				19D3A2E228C73ECC001E0F77 /* Base */,
			);
			name = LaunchScreen.storyboard;
			sourceTree = "<group>";
		};
/* End PBXVariantGroup section */

/* Begin XCBuildConfiguration section */
		19D3A2E528C73ECC001E0F77 /* Debug */ = {
			isa = XCBuildConfiguration;
			buildSettings = {
				ALWAYS_SEARCH_USER_PATHS = NO;
				CLANG_ANALYZER_NONNULL = YES;
				CLANG_ANALYZER_NUMBER_OBJECT_CONVERSION = YES_AGGRESSIVE;
				CLANG_CXX_LANGUAGE_STANDARD = "gnu++17";
				CLANG_ENABLE_MODULES = YES;
				CLANG_ENABLE_OBJC_ARC = YES;
				CLANG_ENABLE_OBJC_WEAK = YES;
				CLANG_WARN_BLOCK_CAPTURE_AUTORELEASING = YES;
				CLANG_WARN_BOOL_CONVERSION = YES;
				CLANG_WARN_COMMA = YES;
				CLANG_WARN_CONSTANT_CONVERSION = YES;
				CLANG_WARN_DEPRECATED_OBJC_IMPLEMENTATIONS = YES;
				CLANG_WARN_DIRECT_OBJC_ISA_USAGE = YES_ERROR;
				CLANG_WARN_DOCUMENTATION_COMMENTS = YES;
				CLANG_WARN_EMPTY_BODY = YES;
				CLANG_WARN_ENUM_CONVERSION = YES;
				CLANG_WARN_INFINITE_RECURSION = YES;
				CLANG_WARN_INT_CONVERSION = YES;
				CLANG_WARN_NON_LITERAL_NULL_CONVERSION = YES;
				CLANG_WARN_OBJC_IMPLICIT_RETAIN_SELF = YES;
				CLANG_WARN_OBJC_LITERAL_CONVERSION = YES;
				CLANG_WARN_OBJC_ROOT_CLASS = YES_ERROR;
				CLANG_WARN_QUOTED_INCLUDE_IN_FRAMEWORK_HEADER = YES;
				CLANG_WARN_RANGE_LOOP_ANALYSIS = YES;
				CLANG_WARN_STRICT_PROTOTYPES = YES;
				CLANG_WARN_SUSPICIOUS_MOVE = YES;
				CLANG_WARN_UNGUARDED_AVAILABILITY = YES_AGGRESSIVE;
				CLANG_WARN_UNREACHABLE_CODE = YES;
				CLANG_WARN__DUPLICATE_METHOD_MATCH = YES;
				COPY_PHASE_STRIP = NO;
				DEBUG_INFORMATION_FORMAT = dwarf;
				ENABLE_STRICT_OBJC_MSGSEND = YES;
				ENABLE_TESTABILITY = YES;
				GCC_C_LANGUAGE_STANDARD = gnu11;
				GCC_DYNAMIC_NO_PIC = NO;
				GCC_NO_COMMON_BLOCKS = YES;
				GCC_OPTIMIZATION_LEVEL = 0;
				GCC_PREPROCESSOR_DEFINITIONS = (
					"DEBUG=1",
					"$(inherited)",
				);
				GCC_WARN_64_TO_32_BIT_CONVERSION = YES;
				GCC_WARN_ABOUT_RETURN_TYPE = YES_ERROR;
				GCC_WARN_UNDECLARED_SELECTOR = YES;
				GCC_WARN_UNINITIALIZED_AUTOS = YES_AGGRESSIVE;
				GCC_WARN_UNUSED_FUNCTION = YES;
				GCC_WARN_UNUSED_VARIABLE = YES;
				IPHONEOS_DEPLOYMENT_TARGET = 15.4;
				MTL_ENABLE_DEBUG_INFO = INCLUDE_SOURCE;
				MTL_FAST_MATH = YES;
				ONLY_ACTIVE_ARCH = YES;
				SDKROOT = iphoneos;
				SWIFT_ACTIVE_COMPILATION_CONDITIONS = DEBUG;
				SWIFT_OPTIMIZATION_LEVEL = "-Onone";
			};
			name = Debug;
		};
		19D3A2E628C73ECC001E0F77 /* Release */ = {
			isa = XCBuildConfiguration;
			buildSettings = {
				ALWAYS_SEARCH_USER_PATHS = NO;
				CLANG_ANALYZER_NONNULL = YES;
				CLANG_ANALYZER_NUMBER_OBJECT_CONVERSION = YES_AGGRESSIVE;
				CLANG_CXX_LANGUAGE_STANDARD = "gnu++17";
				CLANG_ENABLE_MODULES = YES;
				CLANG_ENABLE_OBJC_ARC = YES;
				CLANG_ENABLE_OBJC_WEAK = YES;
				CLANG_WARN_BLOCK_CAPTURE_AUTORELEASING = YES;
				CLANG_WARN_BOOL_CONVERSION = YES;
				CLANG_WARN_COMMA = YES;
				CLANG_WARN_CONSTANT_CONVERSION = YES;
				CLANG_WARN_DEPRECATED_OBJC_IMPLEMENTATIONS = YES;
				CLANG_WARN_DIRECT_OBJC_ISA_USAGE = YES_ERROR;
				CLANG_WARN_DOCUMENTATION_COMMENTS = YES;
				CLANG_WARN_EMPTY_BODY = YES;
				CLANG_WARN_ENUM_CONVERSION = YES;
				CLANG_WARN_INFINITE_RECURSION = YES;
				CLANG_WARN_INT_CONVERSION = YES;
				CLANG_WARN_NON_LITERAL_NULL_CONVERSION = YES;
				CLANG_WARN_OBJC_IMPLICIT_RETAIN_SELF = YES;
				CLANG_WARN_OBJC_LITERAL_CONVERSION = YES;
				CLANG_WARN_OBJC_ROOT_CLASS = YES_ERROR;
				CLANG_WARN_QUOTED_INCLUDE_IN_FRAMEWORK_HEADER = YES;
				CLANG_WARN_RANGE_LOOP_ANALYSIS = YES;
				CLANG_WARN_STRICT_PROTOTYPES = YES;
				CLANG_WARN_SUSPICIOUS_MOVE = YES;
				CLANG_WARN_UNGUARDED_AVAILABILITY = YES_AGGRESSIVE;
				CLANG_WARN_UNREACHABLE_CODE = YES;
				CLANG_WARN__DUPLICATE_METHOD_MATCH = YES;
				COPY_PHASE_STRIP = NO;
				DEBUG_INFORMATION_FORMAT = "dwarf-with-dsym";
				ENABLE_NS_ASSERTIONS = NO;
				ENABLE_STRICT_OBJC_MSGSEND = YES;
				GCC_C_LANGUAGE_STANDARD = gnu11;
				GCC_NO_COMMON_BLOCKS = YES;
				GCC_WARN_64_TO_32_BIT_CONVERSION = YES;
				GCC_WARN_ABOUT_RETURN_TYPE = YES_ERROR;
				GCC_WARN_UNDECLARED_SELECTOR = YES;
				GCC_WARN_UNINITIALIZED_AUTOS = YES_AGGRESSIVE;
				GCC_WARN_UNUSED_FUNCTION = YES;
				GCC_WARN_UNUSED_VARIABLE = YES;
				IPHONEOS_DEPLOYMENT_TARGET = 15.4;
				MTL_ENABLE_DEBUG_INFO = NO;
				MTL_FAST_MATH = YES;
				SDKROOT = iphoneos;
				SWIFT_COMPILATION_MODE = wholemodule;
				SWIFT_OPTIMIZATION_LEVEL = "-O";
				VALIDATE_PRODUCT = YES;
			};
			name = Release;
		};
		19D3A2E828C73ECC001E0F77 /* Debug */ = {
			isa = XCBuildConfiguration;
			buildSettings = {
				ASSETCATALOG_COMPILER_APPICON_NAME = AppIcon;
				ASSETCATALOG_COMPILER_GLOBAL_ACCENT_COLOR_NAME = AccentColor;
				CODE_SIGN_STYLE = Automatic;
				CURRENT_PROJECT_VERSION = 1;
				DEVELOPMENT_TEAM = 4JJ4L62956;
				GENERATE_INFOPLIST_FILE = YES;
				INFOPLIST_FILE = githubapp/SupportingFiles/Info.plist;
				INFOPLIST_KEY_UIApplicationSupportsIndirectInputEvents = YES;
				INFOPLIST_KEY_UILaunchStoryboardName = LaunchScreen;
				INFOPLIST_KEY_UISupportedInterfaceOrientations = UIInterfaceOrientationPortrait;
				INFOPLIST_KEY_UISupportedInterfaceOrientations_iPad = "UIInterfaceOrientationPortrait UIInterfaceOrientationPortraitUpsideDown UIInterfaceOrientationLandscapeLeft UIInterfaceOrientationLandscapeRight";
				INFOPLIST_KEY_UISupportedInterfaceOrientations_iPhone = "UIInterfaceOrientationPortrait UIInterfaceOrientationLandscapeLeft UIInterfaceOrientationLandscapeRight";
				LD_RUNPATH_SEARCH_PATHS = (
					"$(inherited)",
					"@executable_path/Frameworks",
				);
				MARKETING_VERSION = 1.0;
				PRODUCT_BUNDLE_IDENTIFIER = com.mquires.githubapp;
				PRODUCT_NAME = "$(TARGET_NAME)";
				SWIFT_EMIT_LOC_STRINGS = YES;
				SWIFT_VERSION = 5.0;
				TARGETED_DEVICE_FAMILY = 1;
			};
			name = Debug;
		};
		19D3A2E928C73ECC001E0F77 /* Release */ = {
			isa = XCBuildConfiguration;
			buildSettings = {
				ASSETCATALOG_COMPILER_APPICON_NAME = AppIcon;
				ASSETCATALOG_COMPILER_GLOBAL_ACCENT_COLOR_NAME = AccentColor;
				CODE_SIGN_STYLE = Automatic;
				CURRENT_PROJECT_VERSION = 1;
				DEVELOPMENT_TEAM = 4JJ4L62956;
				GENERATE_INFOPLIST_FILE = YES;
				INFOPLIST_FILE = githubapp/SupportingFiles/Info.plist;
				INFOPLIST_KEY_UIApplicationSupportsIndirectInputEvents = YES;
				INFOPLIST_KEY_UILaunchStoryboardName = LaunchScreen;
				INFOPLIST_KEY_UISupportedInterfaceOrientations = UIInterfaceOrientationPortrait;
				INFOPLIST_KEY_UISupportedInterfaceOrientations_iPad = "UIInterfaceOrientationPortrait UIInterfaceOrientationPortraitUpsideDown UIInterfaceOrientationLandscapeLeft UIInterfaceOrientationLandscapeRight";
				INFOPLIST_KEY_UISupportedInterfaceOrientations_iPhone = "UIInterfaceOrientationPortrait UIInterfaceOrientationLandscapeLeft UIInterfaceOrientationLandscapeRight";
				LD_RUNPATH_SEARCH_PATHS = (
					"$(inherited)",
					"@executable_path/Frameworks",
				);
				MARKETING_VERSION = 1.0;
				PRODUCT_BUNDLE_IDENTIFIER = com.mquires.githubapp;
				PRODUCT_NAME = "$(TARGET_NAME)";
				SWIFT_EMIT_LOC_STRINGS = YES;
				SWIFT_VERSION = 5.0;
				TARGETED_DEVICE_FAMILY = 1;
			};
			name = Release;
		};
/* End XCBuildConfiguration section */

/* Begin XCConfigurationList section */
		19D3A2CE28C73ECB001E0F77 /* Build configuration list for PBXProject "githubapp" */ = {
			isa = XCConfigurationList;
			buildConfigurations = (
				19D3A2E528C73ECC001E0F77 /* Debug */,
				19D3A2E628C73ECC001E0F77 /* Release */,
			);
			defaultConfigurationIsVisible = 0;
			defaultConfigurationName = Release;
		};
		19D3A2E728C73ECC001E0F77 /* Build configuration list for PBXNativeTarget "githubapp" */ = {
			isa = XCConfigurationList;
			buildConfigurations = (
				19D3A2E828C73ECC001E0F77 /* Debug */,
				19D3A2E928C73ECC001E0F77 /* Release */,
			);
			defaultConfigurationIsVisible = 0;
			defaultConfigurationName = Release;
		};
/* End XCConfigurationList section */
	};
	rootObject = 19D3A2CB28C73ECB001E0F77 /* Project object */;
}
